
Microsoft Visual Studio Solution File, Format Version 12.00
# Visual Studio Version 17
VisualStudioVersion = 17.3.32901.215
MinimumVisualStudioVersion = 10.0.40219.1
Project("{9A19103F-16F7-4668-BE54-9A1E7A4F7556}") = "AHLCGApp.EF", "AHLCGApp.EF\AHLCGApp.EF.csproj", "{F3C3C7D0-914A-499A-9B99-FEFA4BF94E29}"
EndProject
Project("{9A19103F-16F7-4668-BE54-9A1E7A4F7556}") = "AHLCGApp.Domain", "AHLCGApp.Domain\AHLCGApp.Domain.csproj", "{7619BFBE-9364-4547-A898-B0B64CE48F3D}"
EndProject
Global
	GlobalSection(SolutionConfigurationPlatforms) = preSolution
		Debug|Any CPU = Debug|Any CPU
		Release|Any CPU = Release|Any CPU
	EndGlobalSection
	GlobalSection(ProjectConfigurationPlatforms) = postSolution
		{F3C3C7D0-914A-499A-9B99-FEFA4BF94E29}.Debug|Any CPU.ActiveCfg = Debug|Any CPU
		{F3C3C7D0-914A-499A-9B99-FEFA4BF94E29}.Debug|Any CPU.Build.0 = Debug|Any CPU
		{F3C3C7D0-914A-499A-9B99-FEFA4BF94E29}.Release|Any CPU.ActiveCfg = Release|Any CPU
		{F3C3C7D0-914A-499A-9B99-FEFA4BF94E29}.Release|Any CPU.Build.0 = Release|Any CPU
		{7619BFBE-9364-4547-A898-B0B64CE48F3D}.Debug|Any CPU.ActiveCfg = Debug|Any CPU
		{7619BFBE-9364-4547-A898-B0B64CE48F3D}.Debug|Any CPU.Build.0 = Debug|Any CPU
		{7619BFBE-9364-4547-A898-B0B64CE48F3D}.Release|Any CPU.ActiveCfg = Release|Any CPU
		{7619BFBE-9364-4547-A898-B0B64CE48F3D}.Release|Any CPU.Build.0 = Release|Any CPU
	EndGlobalSection
	GlobalSection(SolutionProperties) = preSolution
		HideSolutionNode = FALSE
	EndGlobalSection
	GlobalSection(ExtensibilityGlobals) = postSolution
		SolutionGuid = {BE751D41-E27A-4CFE-BDC7-4B25FA363578}
	EndGlobalSection
EndGlobal
