
Microsoft Visual Studio Solution File, Format Version 12.00
# Visual Studio Version 17
VisualStudioVersion = 17.3.32825.248
MinimumVisualStudioVersion = 10.0.40219.1
Project("{FAE04EC0-301F-11D3-BF4B-00C04F79EFBC}") = "AHLCGConsole", "AHLCGConsole\AHLCGConsole.csproj", "{338FCDC2-3A8E-48CF-9316-24D3901ED389}"
EndProject
Global
	GlobalSection(SolutionConfigurationPlatforms) = preSolution
		Debug|Any CPU = Debug|Any CPU
		Release|Any CPU = Release|Any CPU
	EndGlobalSection
	GlobalSection(ProjectConfigurationPlatforms) = postSolution
		{338FCDC2-3A8E-48CF-9316-24D3901ED389}.Debug|Any CPU.ActiveCfg = Debug|Any CPU
		{338FCDC2-3A8E-48CF-9316-24D3901ED389}.Debug|Any CPU.Build.0 = Debug|Any CPU
		{338FCDC2-3A8E-48CF-9316-24D3901ED389}.Release|Any CPU.ActiveCfg = Release|Any CPU
		{338FCDC2-3A8E-48CF-9316-24D3901ED389}.Release|Any CPU.Build.0 = Release|Any CPU
	EndGlobalSection
	GlobalSection(SolutionProperties) = preSolution
		HideSolutionNode = FALSE
	EndGlobalSection
	GlobalSection(ExtensibilityGlobals) = postSolution
		SolutionGuid = {293D3075-1521-4C0E-9E21-3A4904128BA9}
	EndGlobalSection
EndGlobal
